
Microsoft Visual Studio Solution File, Format Version 12.00
# Visual Studio Version 17
VisualStudioVersion = 17.2.32630.192
MinimumVisualStudioVersion = 10.0.40219.1
Project("{9A19103F-16F7-4668-BE54-9A1E7A4F7556}") = "KretaWebApi", "KretaWebApi\KretaWebApi.csproj", "{FA14553A-F453-49A8-9EFB-C9BFB34945BE}"
EndProject
Project("{9A19103F-16F7-4668-BE54-9A1E7A4F7556}") = "KretaRazorPages", "KretaRazorPages\KretaRazorPages.csproj", "{8A8A45E3-108E-4B85-B123-F89EEC4BFAE0}"
EndProject
Project("{9A19103F-16F7-4668-BE54-9A1E7A4F7556}") = "ServiceKretaAPI", "ServiceKretaAPI\ServiceKretaAPI.csproj", "{CCC88B1D-BE8B-40DD-90C1-78809AC7F4C8}"
EndProject
Project("{9A19103F-16F7-4668-BE54-9A1E7A4F7556}") = "ServiceKretaLogger", "ServiceKretaLogger\ServiceKretaLogger.csproj", "{3E02190B-E240-4EE2-8EA0-4E921585488E}"
EndProject
Project("{9A19103F-16F7-4668-BE54-9A1E7A4F7556}") = "ApplicationPropertiesSettings", "ApplicationProperties\ApplicationPropertiesSettings.csproj", "{223B7BF5-C43B-45FF-9CD0-ABCF2845861D}"
EndProject
Project("{9A19103F-16F7-4668-BE54-9A1E7A4F7556}") = "KretaDesktop", "KretaDesktop\KretaDesktop.csproj", "{D8E705E4-FB77-4C49-BEB0-CA5A008574AA}"
EndProject
Project("{9A19103F-16F7-4668-BE54-9A1E7A4F7556}") = "StaticClasses", "StaticClasses\StaticClasses.csproj", "{468CB607-41A5-48C9-A30E-73992B8A17A8}"
EndProject
Project("{2150E333-8FDC-42A3-9474-1A3956D46DE8}") = "Solution Items", "Solution Items", "{9F793279-6139-451C-841F-F7BDD1D45615}"
	ProjectSection(SolutionItems) = preProject
		docker-compose.yml = docker-compose.yml
		KretaRazorPages\Dockerfile = KretaRazorPages\Dockerfile
		KretaWebApi\Dockerfile = KretaWebApi\Dockerfile
		KretaWebApi\Mysql\Dockerfile = KretaWebApi\Mysql\Dockerfile
		Docker\DockerParancsok.txt = Docker\DockerParancsok.txt
		.github\workflows\dotnet.yml = .github\workflows\dotnet.yml
		Docker\Fly\fly.toml = Docker\Fly\fly.toml
		Docker\Fly\fly.txt = Docker\Fly\fly.txt
		README.md = README.md
	EndProjectSection
EndProject
Project("{9A19103F-16F7-4668-BE54-9A1E7A4F7556}") = "KretaWebApiTest", "KretaWebApiTest\KretaWebApiTest.csproj", "{6B17D9D9-782F-4E45-914F-53F9816521D9}"
EndProject
Project("{9A19103F-16F7-4668-BE54-9A1E7A4F7556}") = "ServiceKreta", "ServiceKreta\ServiceKreta.csproj", "{463C4934-2081-4A7E-A669-866CC9F050B6}"
EndProject
Project("{9A19103F-16F7-4668-BE54-9A1E7A4F7556}") = "KretaParancssoriAlkalmazasTestXUnit", "KretaParancssoriAlkalmazasTestXUnit\KretaParancssoriAlkalmazasTestXUnit.csproj", "{70A9F1CE-4766-4A6E-9DC3-9B9389CA69F1}"
EndProject
Project("{9A19103F-16F7-4668-BE54-9A1E7A4F7556}") = "KretaParancssoriAlkalmazasMsTest", "KretaParancssoriAlkalmazasMsTest\KretaParancssoriAlkalmazasMsTest.csproj", "{D5C214FE-B4E5-42AE-9E27-3AD3D9B8A52F}"
EndProject
Project("{9A19103F-16F7-4668-BE54-9A1E7A4F7556}") = "KretaParancssoriAlkalmazasNUnitTest", "KretaParancssoriAlkalmazasNUnitTest\KretaParancssoriAlkalmazasNUnitTest.csproj", "{E51E3817-2A01-431E-870E-B168439D545F}"
EndProject
Project("{9A19103F-16F7-4668-BE54-9A1E7A4F7556}") = "KretaParancssoriAlkalmazas", "KretaParancssoriAlkalmazas\KretaParancssoriAlkalmazas.csproj", "{23AC28BA-A2AE-4BCC-A6A8-8418642FF2F0}"
EndProject
Global
	GlobalSection(SolutionConfigurationPlatforms) = preSolution
		Debug|Any CPU = Debug|Any CPU
		Release|Any CPU = Release|Any CPU
	EndGlobalSection
	GlobalSection(ProjectConfigurationPlatforms) = postSolution
		{FA14553A-F453-49A8-9EFB-C9BFB34945BE}.Debug|Any CPU.ActiveCfg = Debug|Any CPU
		{FA14553A-F453-49A8-9EFB-C9BFB34945BE}.Debug|Any CPU.Build.0 = Debug|Any CPU
		{FA14553A-F453-49A8-9EFB-C9BFB34945BE}.Release|Any CPU.ActiveCfg = Release|Any CPU
		{FA14553A-F453-49A8-9EFB-C9BFB34945BE}.Release|Any CPU.Build.0 = Release|Any CPU
		{8A8A45E3-108E-4B85-B123-F89EEC4BFAE0}.Debug|Any CPU.ActiveCfg = Debug|Any CPU
		{8A8A45E3-108E-4B85-B123-F89EEC4BFAE0}.Debug|Any CPU.Build.0 = Debug|Any CPU
		{8A8A45E3-108E-4B85-B123-F89EEC4BFAE0}.Release|Any CPU.ActiveCfg = Release|Any CPU
		{8A8A45E3-108E-4B85-B123-F89EEC4BFAE0}.Release|Any CPU.Build.0 = Release|Any CPU
		{CCC88B1D-BE8B-40DD-90C1-78809AC7F4C8}.Debug|Any CPU.ActiveCfg = Debug|Any CPU
		{CCC88B1D-BE8B-40DD-90C1-78809AC7F4C8}.Debug|Any CPU.Build.0 = Debug|Any CPU
		{CCC88B1D-BE8B-40DD-90C1-78809AC7F4C8}.Release|Any CPU.ActiveCfg = Release|Any CPU
		{CCC88B1D-BE8B-40DD-90C1-78809AC7F4C8}.Release|Any CPU.Build.0 = Release|Any CPU
		{3E02190B-E240-4EE2-8EA0-4E921585488E}.Debug|Any CPU.ActiveCfg = Debug|Any CPU
		{3E02190B-E240-4EE2-8EA0-4E921585488E}.Debug|Any CPU.Build.0 = Debug|Any CPU
		{3E02190B-E240-4EE2-8EA0-4E921585488E}.Release|Any CPU.ActiveCfg = Release|Any CPU
		{3E02190B-E240-4EE2-8EA0-4E921585488E}.Release|Any CPU.Build.0 = Release|Any CPU
		{223B7BF5-C43B-45FF-9CD0-ABCF2845861D}.Debug|Any CPU.ActiveCfg = Debug|Any CPU
		{223B7BF5-C43B-45FF-9CD0-ABCF2845861D}.Debug|Any CPU.Build.0 = Debug|Any CPU
		{223B7BF5-C43B-45FF-9CD0-ABCF2845861D}.Release|Any CPU.ActiveCfg = Release|Any CPU
		{223B7BF5-C43B-45FF-9CD0-ABCF2845861D}.Release|Any CPU.Build.0 = Release|Any CPU
		{D8E705E4-FB77-4C49-BEB0-CA5A008574AA}.Debug|Any CPU.ActiveCfg = Debug|Any CPU
		{D8E705E4-FB77-4C49-BEB0-CA5A008574AA}.Debug|Any CPU.Build.0 = Debug|Any CPU
		{D8E705E4-FB77-4C49-BEB0-CA5A008574AA}.Release|Any CPU.ActiveCfg = Release|Any CPU
		{D8E705E4-FB77-4C49-BEB0-CA5A008574AA}.Release|Any CPU.Build.0 = Release|Any CPU
		{468CB607-41A5-48C9-A30E-73992B8A17A8}.Debug|Any CPU.ActiveCfg = Debug|Any CPU
		{468CB607-41A5-48C9-A30E-73992B8A17A8}.Debug|Any CPU.Build.0 = Debug|Any CPU
		{468CB607-41A5-48C9-A30E-73992B8A17A8}.Release|Any CPU.ActiveCfg = Release|Any CPU
		{468CB607-41A5-48C9-A30E-73992B8A17A8}.Release|Any CPU.Build.0 = Release|Any CPU
		{6B17D9D9-782F-4E45-914F-53F9816521D9}.Debug|Any CPU.ActiveCfg = Debug|Any CPU
		{6B17D9D9-782F-4E45-914F-53F9816521D9}.Debug|Any CPU.Build.0 = Debug|Any CPU
		{6B17D9D9-782F-4E45-914F-53F9816521D9}.Release|Any CPU.ActiveCfg = Release|Any CPU
		{6B17D9D9-782F-4E45-914F-53F9816521D9}.Release|Any CPU.Build.0 = Release|Any CPU
		{463C4934-2081-4A7E-A669-866CC9F050B6}.Debug|Any CPU.ActiveCfg = Debug|Any CPU
		{463C4934-2081-4A7E-A669-866CC9F050B6}.Debug|Any CPU.Build.0 = Debug|Any CPU
		{463C4934-2081-4A7E-A669-866CC9F050B6}.Release|Any CPU.ActiveCfg = Release|Any CPU
		{463C4934-2081-4A7E-A669-866CC9F050B6}.Release|Any CPU.Build.0 = Release|Any CPU
		{70A9F1CE-4766-4A6E-9DC3-9B9389CA69F1}.Debug|Any CPU.ActiveCfg = Debug|Any CPU
		{70A9F1CE-4766-4A6E-9DC3-9B9389CA69F1}.Debug|Any CPU.Build.0 = Debug|Any CPU
		{70A9F1CE-4766-4A6E-9DC3-9B9389CA69F1}.Release|Any CPU.ActiveCfg = Release|Any CPU
		{70A9F1CE-4766-4A6E-9DC3-9B9389CA69F1}.Release|Any CPU.Build.0 = Release|Any CPU
		{D5C214FE-B4E5-42AE-9E27-3AD3D9B8A52F}.Debug|Any CPU.ActiveCfg = Debug|Any CPU
		{D5C214FE-B4E5-42AE-9E27-3AD3D9B8A52F}.Debug|Any CPU.Build.0 = Debug|Any CPU
		{D5C214FE-B4E5-42AE-9E27-3AD3D9B8A52F}.Release|Any CPU.ActiveCfg = Release|Any CPU
		{D5C214FE-B4E5-42AE-9E27-3AD3D9B8A52F}.Release|Any CPU.Build.0 = Release|Any CPU
		{E51E3817-2A01-431E-870E-B168439D545F}.Debug|Any CPU.ActiveCfg = Debug|Any CPU
		{E51E3817-2A01-431E-870E-B168439D545F}.Debug|Any CPU.Build.0 = Debug|Any CPU
		{E51E3817-2A01-431E-870E-B168439D545F}.Release|Any CPU.ActiveCfg = Release|Any CPU
		{E51E3817-2A01-431E-870E-B168439D545F}.Release|Any CPU.Build.0 = Release|Any CPU
		{23AC28BA-A2AE-4BCC-A6A8-8418642FF2F0}.Debug|Any CPU.ActiveCfg = Debug|Any CPU
		{23AC28BA-A2AE-4BCC-A6A8-8418642FF2F0}.Debug|Any CPU.Build.0 = Debug|Any CPU
		{23AC28BA-A2AE-4BCC-A6A8-8418642FF2F0}.Release|Any CPU.ActiveCfg = Release|Any CPU
		{23AC28BA-A2AE-4BCC-A6A8-8418642FF2F0}.Release|Any CPU.Build.0 = Release|Any CPU
	EndGlobalSection
	GlobalSection(SolutionProperties) = preSolution
		HideSolutionNode = FALSE
	EndGlobalSection
	GlobalSection(ExtensibilityGlobals) = postSolution
		SolutionGuid = {07EA3BC1-3085-4A26-8269-75910640B2BD}
	EndGlobalSection
EndGlobal
